
Microsoft Visual Studio Solution File, Format Version 12.00
# Visual Studio 14
VisualStudioVersion = 14.0.25420.1
MinimumVisualStudioVersion = 10.0.40219.1
Project("{FAE04EC0-301F-11D3-BF4B-00C04F79EFBC}") = "Ecart.Web", "Ecart.Web\Ecart.Web.csproj", "{4B9435CF-4154-42A9-A7D2-75187C5D2B7F}"
EndProject
Project("{FAE04EC0-301F-11D3-BF4B-00C04F79EFBC}") = "Ecart.Entities", "Ecart.Entities\Ecart.Entities.csproj", "{BB818760-3B12-457B-8DA3-A4575A5900C0}"
EndProject
Project("{FAE04EC0-301F-11D3-BF4B-00C04F79EFBC}") = "Ecart.Database", "Ecart.Database\Ecart.Database.csproj", "{B9D820C7-9736-4DBC-AF15-45DB9EE234D1}"
EndProject
Project("{FAE04EC0-301F-11D3-BF4B-00C04F79EFBC}") = "Ecart.Services", "Ecart.Services\Ecart.Services.csproj", "{6BA748D6-70F2-439C-9492-32EEA9FE7B37}"
EndProject
Global
	GlobalSection(SolutionConfigurationPlatforms) = preSolution
		Debug|Any CPU = Debug|Any CPU
		Release|Any CPU = Release|Any CPU
	EndGlobalSection
	GlobalSection(ProjectConfigurationPlatforms) = postSolution
		{4B9435CF-4154-42A9-A7D2-75187C5D2B7F}.Debug|Any CPU.ActiveCfg = Debug|Any CPU
		{4B9435CF-4154-42A9-A7D2-75187C5D2B7F}.Debug|Any CPU.Build.0 = Debug|Any CPU
		{4B9435CF-4154-42A9-A7D2-75187C5D2B7F}.Release|Any CPU.ActiveCfg = Release|Any CPU
		{4B9435CF-4154-42A9-A7D2-75187C5D2B7F}.Release|Any CPU.Build.0 = Release|Any CPU
		{BB818760-3B12-457B-8DA3-A4575A5900C0}.Debug|Any CPU.ActiveCfg = Debug|Any CPU
		{BB818760-3B12-457B-8DA3-A4575A5900C0}.Debug|Any CPU.Build.0 = Debug|Any CPU
		{BB818760-3B12-457B-8DA3-A4575A5900C0}.Release|Any CPU.ActiveCfg = Release|Any CPU
		{BB818760-3B12-457B-8DA3-A4575A5900C0}.Release|Any CPU.Build.0 = Release|Any CPU
		{B9D820C7-9736-4DBC-AF15-45DB9EE234D1}.Debug|Any CPU.ActiveCfg = Debug|Any CPU
		{B9D820C7-9736-4DBC-AF15-45DB9EE234D1}.Debug|Any CPU.Build.0 = Debug|Any CPU
		{B9D820C7-9736-4DBC-AF15-45DB9EE234D1}.Release|Any CPU.ActiveCfg = Release|Any CPU
		{B9D820C7-9736-4DBC-AF15-45DB9EE234D1}.Release|Any CPU.Build.0 = Release|Any CPU
		{6BA748D6-70F2-439C-9492-32EEA9FE7B37}.Debug|Any CPU.ActiveCfg = Debug|Any CPU
		{6BA748D6-70F2-439C-9492-32EEA9FE7B37}.Debug|Any CPU.Build.0 = Debug|Any CPU
		{6BA748D6-70F2-439C-9492-32EEA9FE7B37}.Release|Any CPU.ActiveCfg = Release|Any CPU
		{6BA748D6-70F2-439C-9492-32EEA9FE7B37}.Release|Any CPU.Build.0 = Release|Any CPU
	EndGlobalSection
	GlobalSection(SolutionProperties) = preSolution
		HideSolutionNode = FALSE
	EndGlobalSection
EndGlobal
